
Microsoft Visual Studio Solution File, Format Version 12.00
# Visual Studio Version 17
VisualStudioVersion = 17.7.34018.315
MinimumVisualStudioVersion = 10.0.40219.1
Project("{9A19103F-16F7-4668-BE54-9A1E7A4F7556}") = "PRL", "PRL\PRL.csproj", "{F45256AE-C6A3-4999-9C6D-978A22D20979}"
EndProject
Project("{9A19103F-16F7-4668-BE54-9A1E7A4F7556}") = "BUS", "BUS\BUS.csproj", "{E9F6BB52-6ED7-4155-B8AB-11F8BCB27DCE}"
EndProject
Project("{FAE04EC0-301F-11D3-BF4B-00C04F79EFBC}") = "DAL1", "DAL1\DAL1.csproj", "{3394B1F6-25BC-444B-B415-53F7AF91AC6A}"
EndProject
Global
	GlobalSection(SolutionConfigurationPlatforms) = preSolution
		Debug|Any CPU = Debug|Any CPU
		Release|Any CPU = Release|Any CPU
	EndGlobalSection
	GlobalSection(ProjectConfigurationPlatforms) = postSolution
		{F45256AE-C6A3-4999-9C6D-978A22D20979}.Debug|Any CPU.ActiveCfg = Debug|Any CPU
		{F45256AE-C6A3-4999-9C6D-978A22D20979}.Debug|Any CPU.Build.0 = Debug|Any CPU
		{F45256AE-C6A3-4999-9C6D-978A22D20979}.Release|Any CPU.ActiveCfg = Release|Any CPU
		{F45256AE-C6A3-4999-9C6D-978A22D20979}.Release|Any CPU.Build.0 = Release|Any CPU
		{E9F6BB52-6ED7-4155-B8AB-11F8BCB27DCE}.Debug|Any CPU.ActiveCfg = Debug|Any CPU
		{E9F6BB52-6ED7-4155-B8AB-11F8BCB27DCE}.Debug|Any CPU.Build.0 = Debug|Any CPU
		{E9F6BB52-6ED7-4155-B8AB-11F8BCB27DCE}.Release|Any CPU.ActiveCfg = Release|Any CPU
		{E9F6BB52-6ED7-4155-B8AB-11F8BCB27DCE}.Release|Any CPU.Build.0 = Release|Any CPU
		{3394B1F6-25BC-444B-B415-53F7AF91AC6A}.Debug|Any CPU.ActiveCfg = Debug|Any CPU
		{3394B1F6-25BC-444B-B415-53F7AF91AC6A}.Debug|Any CPU.Build.0 = Debug|Any CPU
		{3394B1F6-25BC-444B-B415-53F7AF91AC6A}.Release|Any CPU.ActiveCfg = Release|Any CPU
		{3394B1F6-25BC-444B-B415-53F7AF91AC6A}.Release|Any CPU.Build.0 = Release|Any CPU
	EndGlobalSection
	GlobalSection(SolutionProperties) = preSolution
		HideSolutionNode = FALSE
	EndGlobalSection
	GlobalSection(ExtensibilityGlobals) = postSolution
		SolutionGuid = {16D19059-23C7-4493-BD9D-05A5CB25F84D}
	EndGlobalSection
EndGlobal
